
Microsoft Visual Studio Solution File, Format Version 12.00
# Visual Studio Version 16
VisualStudioVersion = 16.0.31729.503
MinimumVisualStudioVersion = 10.0.40219.1
Project("{9A19103F-16F7-4668-BE54-9A1E7A4F7556}") = "sePrinterApp", "sePrinterApp\sePrinterApp.csproj", "{DCB8F367-B7E6-469E-A4F0-C77410F4315F}"
EndProject
Global
	GlobalSection(SolutionConfigurationPlatforms) = preSolution
		Debug|Any CPU = Debug|Any CPU
		Release|Any CPU = Release|Any CPU
	EndGlobalSection
	GlobalSection(ProjectConfigurationPlatforms) = postSolution
		{DCB8F367-B7E6-469E-A4F0-C77410F4315F}.Debug|Any CPU.ActiveCfg = Debug|Any CPU
		{DCB8F367-B7E6-469E-A4F0-C77410F4315F}.Debug|Any CPU.Build.0 = Debug|Any CPU
		{DCB8F367-B7E6-469E-A4F0-C77410F4315F}.Release|Any CPU.ActiveCfg = Release|Any CPU
		{DCB8F367-B7E6-469E-A4F0-C77410F4315F}.Release|Any CPU.Build.0 = Release|Any CPU
	EndGlobalSection
	GlobalSection(SolutionProperties) = preSolution
		HideSolutionNode = FALSE
	EndGlobalSection
	GlobalSection(ExtensibilityGlobals) = postSolution
		SolutionGuid = {819D3130-C699-4EF7-9C78-B9084BC67E6C}
	EndGlobalSection
EndGlobal
